{
  "version": 2,
  "dependencies": {
    "net10.0": {
      "Microsoft.NET.StringTools": {
        "type": "Transitive",
        "resolved": "18.8.2",
        "contentHash": "TWyg687GoiC9dhj85CagUfYFKYtxRX2jv5raO+zolLVmvKIS1k5WXYh8IMvyiPP5f9r9/snpmTZioyCO5zh+ww=="
      },
      "System.Configuration.ConfigurationManager": {
        "type": "Transitive",
        "resolved": "10.0.4",
        "contentHash": "4u3HLMYQqnTIF26VUiKhSuXtjFIvEfnwK9ZBUa4bXEc1koQCCkZx6ss5urKjqqimJMtuPHDKPHDchxkgoDNhjQ==",
        "dependencies": {
          "System.Diagnostics.EventLog": "10.0.4",
          "System.Security.Cryptography.ProtectedData": "10.0.4"
        }
      },
      "System.Diagnostics.EventLog": {
        "type": "Transitive",
        "resolved": "10.0.4",
        "contentHash": "xXo5NcIPeMUMfpo9Efl/3Rgomjb/Jfa3Aa0BgSfqYctN4YpwjPzvIrnD9JTwoKqe3pFtLF9vmtMl892+wwZ6EA=="
      },
      "System.Reflection.MetadataLoadContext": {
        "type": "Transitive",
        "resolved": "10.0.4",
        "contentHash": "kVaDOAIi02+yd7AZFNpZ88UZcBESiDI1Ib9l592QvZCYUA/xJloAucRAbyEnuOB+ubrpITGb8cMa3g8NhwLUIA=="
      },
      "System.Security.Cryptography.ProtectedData": {
        "type": "Transitive",
        "resolved": "10.0.4",
        "contentHash": "LmDnaYkcWkZSlZ07L7YcB6bH8sCiBZ7j28kPbYiXdF6f0iUiN7rxsRORlZGdj5saN/wZIqvF7lDBn/cpjU+e2g=="
      },
      "yaap": {
        "type": "Project",
        "dependencies": {
          "Yaap.Core": "[0.1.0, )"
        }
      },
      "yaap.buildlogger": {
        "type": "Project"
      },
      "yaap.core": {
        "type": "Project",
        "dependencies": {
          "Microsoft.Build": "[18.8.2, )",
          "Yaap.BuildLogger": "[0.1.0, )"
        }
      },
      "Microsoft.Build": {
        "type": "CentralTransitive",
        "requested": "[18.8.2, )",
        "resolved": "18.8.2",
        "contentHash": "o30Qy4z+5KbJgHo+nmOt4sqrnIvb3BQlpEtE+Izlfk9eQKvppwHZGfQ1JUmFfkdcVpqZkgbqCPnqIkI/98dcIA==",
        "dependencies": {
          "Microsoft.Build.Framework": "18.8.2",
          "System.Configuration.ConfigurationManager": "10.0.4",
          "System.Diagnostics.EventLog": "10.0.4",
          "System.Reflection.MetadataLoadContext": "10.0.4",
          "System.Security.Cryptography.ProtectedData": "10.0.4"
        }
      },
      "Microsoft.Build.Framework": {
        "type": "CentralTransitive",
        "requested": "[18.8.2, )",
        "resolved": "18.8.2",
        "contentHash": "0rH2AaR+TyRhISTU3DEW1pskvOCrBa3QlHnItRqtBTExfCi14CxYNL3/COXxCfd+H40h2WB3XOYSYUlF5IFIwA==",
        "dependencies": {
          "Microsoft.NET.StringTools": "18.8.2"
        }
      }
    },
    "net8.0": {
      "Microsoft.NET.StringTools": {
        "type": "Transitive",
        "resolved": "17.11.48",
        "contentHash": "0IQo089IGBEC4jgtishauZMVr9ZxOWNiGKeDvyzZlvw7p2r253lJh6IJCLLFWXvZnVrVO5mnsYIPamxFPzM08w=="
      },
      "System.Configuration.ConfigurationManager": {
        "type": "Transitive",
        "resolved": "8.0.0",
        "contentHash": "JlYi9XVvIREURRUlGMr1F6vOFLk7YSY4p1vHo4kX3tQ0AGrjqlRWHDi66ImHhy6qwXBG3BJ6Y1QlYQ+Qz6Xgww==",
        "dependencies": {
          "System.Diagnostics.EventLog": "8.0.0",
          "System.Security.Cryptography.ProtectedData": "8.0.0"
        }
      },
      "System.Diagnostics.EventLog": {
        "type": "Transitive",
        "resolved": "8.0.0",
        "contentHash": "fdYxcRjQqTTacKId/2IECojlDSFvp7LP5N78+0z/xH7v/Tuw5ZAxu23Y6PTCRinqyu2ePx+Gn1098NC6jM6d+A=="
      },
      "System.Reflection.MetadataLoadContext": {
        "type": "Transitive",
        "resolved": "8.0.0",
        "contentHash": "SZxrQ4sQYnIcdwiO3G/lHZopbPYQ2lW0ioT4JezgccWUrKaKbHLJbAGZaDfkYjWcta1pWssAo3MOXLsR0ie4tQ=="
      },
      "System.Security.Cryptography.ProtectedData": {
        "type": "Transitive",
        "resolved": "8.0.0",
        "contentHash": "+TUFINV2q2ifyXauQXRwy4CiBhqvDEDZeVJU7qfxya4aRYOKzVBpN+4acx25VcPB9ywUN6C0n8drWl110PhZEg=="
      },
      "yaap": {
        "type": "Project",
        "dependencies": {
          "Yaap.Core": "[0.1.0, )"
        }
      },
      "yaap.buildlogger": {
        "type": "Project"
      },
      "yaap.core": {
        "type": "Project",
        "dependencies": {
          "Microsoft.Build": "[17.11.48, )",
          "Yaap.BuildLogger": "[0.1.0, )"
        }
      },
      "Microsoft.Build": {
        "type": "CentralTransitive",
        "requested": "[17.11.48, )",
        "resolved": "17.11.48",
        "contentHash": "g8Kn575mNAKcuFotV3C7xvF+IbxuHennl67LH2shL2au1U6UqwReTDygCHyU04+koc2Yn7fHIbVQaC08HqEWow==",
        "dependencies": {
          "Microsoft.Build.Framework": "17.11.48",
          "Microsoft.NET.StringTools": "17.11.48",
          "System.Configuration.ConfigurationManager": "8.0.0",
          "System.Reflection.MetadataLoadContext": "8.0.0"
        }
      },
      "Microsoft.Build.Framework": {
        "type": "CentralTransitive",
        "requested": "[17.11.48, )",
        "resolved": "17.11.48",
        "contentHash": "C3WIMt2wBl4++NX3jSEpTq5KXBhvAV154R4JrYHkfy9JSBcXWiL0mkgpspk5xSdOj+fS/uz7zluIy6bMM1fkkQ=="
      }
    }
  }
}