{
  "version": 2,
  "dependencies": {
    "net10.0-windows7.0": {
      "Microsoft.NET.ILLink.Tasks": {
        "type": "Direct",
        "requested": "[10.0.10, )",
        "resolved": "10.0.10",
        "contentHash": "f5VCIE7AJpd5YvzNTeMGVzQIgyE9tX+AreTYwQF+REbu+DZo/2Ae+jNSwhPEYrVz6RRkd7y8ubXjk6Nn6Ka+Cg=="
      },
      "WPF-UI": {
        "type": "Direct",
        "requested": "[4.3.0, )",
        "resolved": "4.3.0",
        "contentHash": "SIHhc8lIrhEQ/1cLFZN6Dtf8cqsLm4myBULj9obnacd9TyDs2vizhKYzRzTlcPEcnzb3L4EstvPN3M6kcXbJCA==",
        "dependencies": {
          "WPF-UI.Abstractions": "4.3.0"
        }
      },
      "Microsoft.NET.StringTools": {
        "type": "Transitive",
        "resolved": "18.8.2",
        "contentHash": "TWyg687GoiC9dhj85CagUfYFKYtxRX2jv5raO+zolLVmvKIS1k5WXYh8IMvyiPP5f9r9/snpmTZioyCO5zh+ww=="
      },
      "System.Reflection.MetadataLoadContext": {
        "type": "Transitive",
        "resolved": "10.0.4",
        "contentHash": "kVaDOAIi02+yd7AZFNpZ88UZcBESiDI1Ib9l592QvZCYUA/xJloAucRAbyEnuOB+ubrpITGb8cMa3g8NhwLUIA=="
      },
      "WPF-UI.Abstractions": {
        "type": "Transitive",
        "resolved": "4.3.0",
        "contentHash": "7Kj9DmCCo4SOCd1jAiw4+EcMFP2nR8rLLvitAYzVtzbWToTsodkbie24+8x9C4LDLxkopWEUGX62szqqNy7oeg=="
      },
      "yaap.core": {
        "type": "Project",
        "dependencies": {
          "Microsoft.Build": "[18.8.2, )"
        }
      },
      "Microsoft.Build": {
        "type": "CentralTransitive",
        "requested": "[18.8.2, )",
        "resolved": "18.8.2",
        "contentHash": "o30Qy4z+5KbJgHo+nmOt4sqrnIvb3BQlpEtE+Izlfk9eQKvppwHZGfQ1JUmFfkdcVpqZkgbqCPnqIkI/98dcIA==",
        "dependencies": {
          "Microsoft.Build.Framework": "18.8.2",
          "System.Reflection.MetadataLoadContext": "10.0.4"
        }
      },
      "Microsoft.Build.Framework": {
        "type": "CentralTransitive",
        "requested": "[18.8.2, )",
        "resolved": "18.8.2",
        "contentHash": "0rH2AaR+TyRhISTU3DEW1pskvOCrBa3QlHnItRqtBTExfCi14CxYNL3/COXxCfd+H40h2WB3XOYSYUlF5IFIwA==",
        "dependencies": {
          "Microsoft.NET.StringTools": "18.8.2"
        }
      }
    },
    "net10.0-windows7.0/win-x64": {},
    "net8.0-windows7.0": {
      "Microsoft.NET.ILLink.Tasks": {
        "type": "Direct",
        "requested": "[8.0.29, )",
        "resolved": "8.0.29",
        "contentHash": "HSBTfrkIZijz8z3ybLRKB7E8rHk4QQufFwpHa9fc5CMIgRhRzdn4mBGmlyXZqaueiMPtuJcnjresGvSTfaW8Mg=="
      },
      "WPF-UI": {
        "type": "Direct",
        "requested": "[4.3.0, )",
        "resolved": "4.3.0",
        "contentHash": "SIHhc8lIrhEQ/1cLFZN6Dtf8cqsLm4myBULj9obnacd9TyDs2vizhKYzRzTlcPEcnzb3L4EstvPN3M6kcXbJCA==",
        "dependencies": {
          "WPF-UI.Abstractions": "4.3.0"
        }
      },
      "Microsoft.NET.StringTools": {
        "type": "Transitive",
        "resolved": "17.11.48",
        "contentHash": "0IQo089IGBEC4jgtishauZMVr9ZxOWNiGKeDvyzZlvw7p2r253lJh6IJCLLFWXvZnVrVO5mnsYIPamxFPzM08w=="
      },
      "System.Reflection.MetadataLoadContext": {
        "type": "Transitive",
        "resolved": "8.0.0",
        "contentHash": "SZxrQ4sQYnIcdwiO3G/lHZopbPYQ2lW0ioT4JezgccWUrKaKbHLJbAGZaDfkYjWcta1pWssAo3MOXLsR0ie4tQ=="
      },
      "WPF-UI.Abstractions": {
        "type": "Transitive",
        "resolved": "4.3.0",
        "contentHash": "7Kj9DmCCo4SOCd1jAiw4+EcMFP2nR8rLLvitAYzVtzbWToTsodkbie24+8x9C4LDLxkopWEUGX62szqqNy7oeg=="
      },
      "yaap.core": {
        "type": "Project",
        "dependencies": {
          "Microsoft.Build": "[17.11.48, )"
        }
      },
      "Microsoft.Build": {
        "type": "CentralTransitive",
        "requested": "[17.11.48, )",
        "resolved": "17.11.48",
        "contentHash": "g8Kn575mNAKcuFotV3C7xvF+IbxuHennl67LH2shL2au1U6UqwReTDygCHyU04+koc2Yn7fHIbVQaC08HqEWow==",
        "dependencies": {
          "Microsoft.Build.Framework": "17.11.48",
          "Microsoft.NET.StringTools": "17.11.48",
          "System.Reflection.MetadataLoadContext": "8.0.0"
        }
      },
      "Microsoft.Build.Framework": {
        "type": "CentralTransitive",
        "requested": "[17.11.48, )",
        "resolved": "17.11.48",
        "contentHash": "C3WIMt2wBl4++NX3jSEpTq5KXBhvAV154R4JrYHkfy9JSBcXWiL0mkgpspk5xSdOj+fS/uz7zluIy6bMM1fkkQ=="
      }
    },
    "net8.0-windows7.0/win-x64": {}
  }
}